lockfileVersion: 5.4

specifiers:
  '@vueuse/motion': 2.0.0-beta.12

dependencies:
  '@vueuse/motion': 2.0.0-beta.12

packages:

  /@types/web-bluetooth/0.0.14:
    resolution: {integrity: sha512-5d2RhCard1nQUC3aHcq/gHzWYO6K0WJmAbjO7mQJgCQKtZpgXxv1rOM6O/dBDhDYYVutk1sciOgNSe+5YyfM8A==}
    dev: false

  /@vueuse/core/8.9.4:
    resolution: {integrity: sha512-B/Mdj9TK1peFyWaPof+Zf/mP9XuGAngaJZBwPaXBvU3aCTZlx3ltlrFFFyMV4iGBwsjSCeUCgZrtkEj9dS2Y3Q==}
    peerDependencies:
      '@vue/composition-api': ^1.1.0
      vue: ^2.6.0 || ^3.2.0
    peerDependenciesMeta:
      '@vue/composition-api':
        optional: true
      vue:
        optional: true
    dependencies:
      '@types/web-bluetooth': 0.0.14
      '@vueuse/metadata': 8.9.4
      '@vueuse/shared': 8.9.4
      vue-demi: 0.13.11
    dev: false

  /@vueuse/metadata/8.9.4:
    resolution: {integrity: sha512-IwSfzH80bnJMzqhaapqJl9JRIiyQU0zsRGEgnxN6jhq7992cPUJIRfV+JHRIZXjYqbwt07E1gTEp0R0zPJ1aqw==}
    dev: false

  /@vueuse/motion/2.0.0-beta.12:
    resolution: {integrity: sha512-cAZqXexLX6xo+H1N1Mv+wBSSqG4wB+BdjIuHQ50jwlelXCDxSi8gj0K/9nDS+aUZtWh6YMwS6UGCKg58jMVglA==}
    peerDependencies:
      '@vue/composition-api': ^1.4.1
      vue: ^2.0.0 || >=3.0.0-rc.0
    peerDependenciesMeta:
      '@vue/composition-api':
        optional: true
    dependencies:
      '@vueuse/core': 8.9.4
      '@vueuse/shared': 8.9.4
      framesync: 6.1.2
      popmotion: 11.0.5
      style-value-types: 5.1.2
      vue-demi: 0.13.11
    dev: false

  /@vueuse/shared/8.9.4:
    resolution: {integrity: sha512-wt+T30c4K6dGRMVqPddexEVLa28YwxW5OFIPmzUHICjphfAuBFTTdDoyqREZNDOFJZ44ARH1WWQNCUK8koJ+Ag==}
    peerDependencies:
      '@vue/composition-api': ^1.1.0
      vue: ^2.6.0 || ^3.2.0
    peerDependenciesMeta:
      '@vue/composition-api':
        optional: true
      vue:
        optional: true
    dependencies:
      vue-demi: 0.13.11
    dev: false

  /framesync/6.1.2:
    resolution: {integrity: sha512-jBTqhX6KaQVDyus8muwZbBeGGP0XgujBRbQ7gM7BRdS3CadCZIHiawyzYLnafYcvZIh5j8WE7cxZKFn7dXhu9g==}
    dependencies:
      tslib: 2.4.0
    dev: false

  /hey-listen/1.0.8:
    resolution: {integrity: sha512-COpmrF2NOg4TBWUJ5UVyaCU2A88wEMkUPK4hNqyCkqHbxT92BbvfjoSozkAIIm6XhicGlJHhFdullInrdhwU8Q==}
    dev: false

  /popmotion/11.0.5:
    resolution: {integrity: sha512-la8gPM1WYeFznb/JqF4GiTkRRPZsfaj2+kCxqQgr2MJylMmIKUwBfWW8Wa5fml/8gmtlD5yI01MP1QCZPWmppA==}
    dependencies:
      framesync: 6.1.2
      hey-listen: 1.0.8
      style-value-types: 5.1.2
      tslib: 2.4.0
    dev: false

  /style-value-types/5.1.2:
    resolution: {integrity: sha512-Vs9fNreYF9j6W2VvuDTP7kepALi7sk0xtk2Tu8Yxi9UoajJdEVpNpCov0HsLTqXvNGKX+Uv09pkozVITi1jf3Q==}
    dependencies:
      hey-listen: 1.0.8
      tslib: 2.4.0
    dev: false

  /tslib/2.4.0:
    resolution: {integrity: sha512-d6xOpEDfsi2CZVlPQzGeux8XMwLT9hssAsaPYExaQMuYskwb+x1x7J371tWlbBdWHroy99KnVB6qIkUbs5X3UQ==}
    dev: false

  /vue-demi/0.13.11:
    resolution: {integrity: sha512-IR8HoEEGM65YY3ZJYAjMlKygDQn25D5ajNFNoKh9RSDMQtlzCxtfQjdQgv9jjK+m3377SsJXY8ysq8kLCZL25A==}
    engines: {node: '>=12'}
    hasBin: true
    requiresBuild: true
    peerDependencies:
      '@vue/composition-api': ^1.0.0-rc.1
      vue: ^3.0.0-0 || ^2.6.0
    peerDependenciesMeta:
      '@vue/composition-api':
        optional: true
    dev: false
